// !$*UTF8*$!
{
	archiveVersion = 1;
	classes = {
	};
	objectVersion = 51;
	objects = {

/* Begin PBXBuildFile section */
		550DD6A5253DC99000A3DC0E /* AppDelegate.swift in Sources */ = {isa = PBXBuildFile; fileRef = 550DD6A4253DC99000A3DC0E /* AppDelegate.swift */; };
		550DD6A7253DC99000A3DC0E /* SceneDelegate.swift in Sources */ = {isa = PBXBuildFile; fileRef = 550DD6A6253DC99000A3DC0E /* SceneDelegate.swift */; };
		550DD6A9253DC99000A3DC0E /* ViewController.swift in Sources */ = {isa = PBXBuildFile; fileRef = 550DD6A8253DC99000A3DC0E /* ViewController.swift */; };
		550DD6AC253DC99000A3DC0E /* Main.storyboard in Resources */ = {isa = PBXBuildFile; fileRef = 550DD6AA253DC99000A3DC0E /* Main.storyboard */; };
		550DD6AE253DC99900A3DC0E /* Assets.xcassets in Resources */ = {isa = PBXBuildFile; fileRef = 550DD6AD253DC99900A3DC0E /* Assets.xcassets */; };
		550DD6B1253DC99900A3DC0E /* LaunchScreen.storyboard in Resources */ = {isa = PBXBuildFile; fileRef = 550DD6AF253DC99900A3DC0E /* LaunchScreen.storyboard */; };
		550DD6B9253DD1E400A3DC0E /* Service.swift in Sources */ = {isa = PBXBuildFile; fileRef = 550DD6B8253DD1E400A3DC0E /* Service.swift */; };
		550DD6BB253DDC9E00A3DC0E /* User.swift in Sources */ = {isa = PBXBuildFile; fileRef = 550DD6BA253DDC9E00A3DC0E /* User.swift */; };
		D7B115E313DAE6DFE770B084 /* Pods_MoyaTest.framework in Frameworks */ = {isa = PBXBuildFile; fileRef = 7F4AEE02BD16D10794C8BE1C /* Pods_MoyaTest.framework */; };
/* End PBXBuildFile section */

/* Begin PBXFileReference section */
		0898D8D788BB8A4AF195550B /* Pods-MoyaTest.debug.xcconfig */ = {isa = PBXFileReference; includeInIndex = 1; lastKnownFileType = text.xcconfig; name = "Pods-MoyaTest.debug.xcconfig"; path = "Target Support Files/Pods-MoyaTest/Pods-MoyaTest.debug.xcconfig"; sourceTree = "<group>"; };
		550DD6A1253DC99000A3DC0E /* MoyaTest.app */ = {isa = PBXFileReference; explicitFileType = wrapper.application; includeInIndex = 0; path = MoyaTest.app; sourceTree = BUILT_PRODUCTS_DIR; };
		550DD6A4253DC99000A3DC0E /* AppDelegate.swift */ = {isa = PBXFileReference; lastKnownFileType = sourcecode.swift; path = AppDelegate.swift; sourceTree = "<group>"; };
		550DD6A6253DC99000A3DC0E /* SceneDelegate.swift */ = {isa = PBXFileReference; lastKnownFileType = sourcecode.swift; path = SceneDelegate.swift; sourceTree = "<group>"; };
		550DD6A8253DC99000A3DC0E /* ViewController.swift */ = {isa = PBXFileReference; lastKnownFileType = sourcecode.swift; path = ViewController.swift; sourceTree = "<group>"; };
		550DD6AB253DC99000A3DC0E /* Base */ = {isa = PBXFileReference; lastKnownFileType = file.storyboard; name = Base; path = Base.lproj/Main.storyboard; sourceTree = "<group>"; };
		550DD6AD253DC99900A3DC0E /* Assets.xcassets */ = {isa = PBXFileReference; lastKnownFileType = folder.assetcatalog; path = Assets.xcassets; sourceTree = "<group>"; };
		550DD6B0253DC99900A3DC0E /* Base */ = {isa = PBXFileReference; lastKnownFileType = file.storyboard; name = Base; path = Base.lproj/LaunchScreen.storyboard; sourceTree = "<group>"; };
		550DD6B2253DC99900A3DC0E /* Info.plist */ = {isa = PBXFileReference; lastKnownFileType = text.plist.xml; path = Info.plist; sourceTree = "<group>"; };
		550DD6B8253DD1E400A3DC0E /* Service.swift */ = {isa = PBXFileReference; lastKnownFileType = sourcecode.swift; path = Service.swift; sourceTree = "<group>"; };
		550DD6BA253DDC9E00A3DC0E /* User.swift */ = {isa = PBXFileReference; lastKnownFileType = sourcecode.swift; path = User.swift; sourceTree = "<group>"; };
		7F4AEE02BD16D10794C8BE1C /* Pods_MoyaTest.framework */ = {isa = PBXFileReference; explicitFileType = wrapper.framework; includeInIndex = 0; path = Pods_MoyaTest.framework; sourceTree = BUILT_PRODUCTS_DIR; };
		D10799B436988B6E101E3A45 /* Pods-MoyaTest.release.xcconfig */ = {isa = PBXFileReference; includeInIndex = 1; lastKnownFileType = text.xcconfig; name = "Pods-MoyaTest.release.xcconfig"; path = "Target Support Files/Pods-MoyaTest/Pods-MoyaTest.release.xcconfig"; sourceTree = "<group>"; };
/* End PBXFileReference section */

/* Begin PBXFrameworksBuildPhase section */
		550DD69E253DC99000A3DC0E /* Frameworks */ = {
			isa = PBXFrameworksBuildPhase;
			buildActionMask = 2147483647;
			files = (
				D7B115E313DAE6DFE770B084 /* Pods_MoyaTest.framework in Frameworks */,
			);
			runOnlyForDeploymentPostprocessing = 0;
		};
/* End PBXFrameworksBuildPhase section */

/* Begin PBXGroup section */
		550DD698253DC99000A3DC0E = {
			isa = PBXGroup;
			children = (
				550DD6A3253DC99000A3DC0E /* MoyaTest */,
				550DD6A2253DC99000A3DC0E /* Products */,
				E61D76CD9A76056AB46B6C3D /* Pods */,
				7347BC05C323412BDFA46573 /* Frameworks */,
			);
			sourceTree = "<group>";
		};
		550DD6A2253DC99000A3DC0E /* Products */ = {
			isa = PBXGroup;
			children = (
				550DD6A1253DC99000A3DC0E /* MoyaTest.app */,
			);
			name = Products;
			sourceTree = "<group>";
		};
		550DD6A3253DC99000A3DC0E /* MoyaTest */ = {
			isa = PBXGroup;
			children = (
				550DD6A4253DC99000A3DC0E /* AppDelegate.swift */,
				550DD6A6253DC99000A3DC0E /* SceneDelegate.swift */,
				550DD6A8253DC99000A3DC0E /* ViewController.swift */,
				550DD6AA253DC99000A3DC0E /* Main.storyboard */,
				550DD6AD253DC99900A3DC0E /* Assets.xcassets */,
				550DD6AF253DC99900A3DC0E /* LaunchScreen.storyboard */,
				550DD6B2253DC99900A3DC0E /* Info.plist */,
				550DD6B8253DD1E400A3DC0E /* Service.swift */,
				550DD6BA253DDC9E00A3DC0E /* User.swift */,
			);
			path = MoyaTest;
			sourceTree = "<group>";
		};
		7347BC05C323412BDFA46573 /* Frameworks */ = {
			isa = PBXGroup;
			children = (
				7F4AEE02BD16D10794C8BE1C /* Pods_MoyaTest.framework */,
			);
			name = Frameworks;
			sourceTree = "<group>";
		};
		E61D76CD9A76056AB46B6C3D /* Pods */ = {
			isa = PBXGroup;
			children = (
				0898D8D788BB8A4AF195550B /* Pods-MoyaTest.debug.xcconfig */,
				D10799B436988B6E101E3A45 /* Pods-MoyaTest.release.xcconfig */,
			);
			path = Pods;
			sourceTree = "<group>";
		};
/* End PBXGroup section */

/* Begin PBXNativeTarget section */
		550DD6A0253DC99000A3DC0E /* MoyaTest */ = {
			isa = PBXNativeTarget;
			buildConfigurationList = 550DD6B5253DC99900A3DC0E /* Build configuration list for PBXNativeTarget "MoyaTest" */;
			buildPhases = (
				B423F00E2BDB9D88BDEC1A92 /* [CP] Check Pods Manifest.lock */,
				550DD69D253DC99000A3DC0E /* Sources */,
				550DD69E253DC99000A3DC0E /* Frameworks */,
				550DD69F253DC99000A3DC0E /* Resources */,
				157D97E2F2274B6C367EF242 /* [CP] Embed Pods Frameworks */,
			);
			buildRules = (
			);
			dependencies = (
			);
			name = MoyaTest;
			productName = MoyaTest;
			productReference = 550DD6A1253DC99000A3DC0E /* MoyaTest.app */;
			productType = "com.apple.product-type.application";
		};
/* End PBXNativeTarget section */

/* Begin PBXProject section */
		550DD699253DC99000A3DC0E /* Project object */ = {
			isa = PBXProject;
			attributes = {
				LastSwiftUpdateCheck = 1140;
				LastUpgradeCheck = 1140;
				ORGANIZATIONNAME = "Kairzhan Kural";
				TargetAttributes = {
					550DD6A0253DC99000A3DC0E = {
						CreatedOnToolsVersion = 11.4.1;
					};
				};
			};
			buildConfigurationList = 550DD69C253DC99000A3DC0E /* Build configuration list for PBXProject "MoyaTest" */;
			compatibilityVersion = "Xcode 9.3";
			developmentRegion = en;
			hasScannedForEncodings = 0;
			knownRegions = (
				en,
				Base,
			);
			mainGroup = 550DD698253DC99000A3DC0E;
			productRefGroup = 550DD6A2253DC99000A3DC0E /* Products */;
			projectDirPath = "";
			projectRoot = "";
			targets = (
				550DD6A0253DC99000A3DC0E /* MoyaTest */,
			);
		};
/* End PBXProject section */

/* Begin PBXResourcesBuildPhase section */
		550DD69F253DC99000A3DC0E /* Resources */ = {
			isa = PBXResourcesBuildPhase;
			buildActionMask = 2147483647;
			files = (
				550DD6B1253DC99900A3DC0E /* LaunchScreen.storyboard in Resources */,
				550DD6AE253DC99900A3DC0E /* Assets.xcassets in Resources */,
				550DD6AC253DC99000A3DC0E /* Main.storyboard in Resources */,
			);
			runOnlyForDeploymentPostprocessing = 0;
		};
/* End PBXResourcesBuildPhase section */

/* Begin PBXShellScriptBuildPhase section */
		157D97E2F2274B6C367EF242 /* [CP] Embed Pods Frameworks */ = {
			isa = PBXShellScriptBuildPhase;
			buildActionMask = 2147483647;
			files = (
			);
			inputFileListPaths = (
				"${PODS_ROOT}/Target Support Files/Pods-MoyaTest/Pods-MoyaTest-frameworks-${CONFIGURATION}-input-files.xcfilelist",
			);
			name = "[CP] Embed Pods Frameworks";
			outputFileListPaths = (
				"${PODS_ROOT}/Target Support Files/Pods-MoyaTest/Pods-MoyaTest-frameworks-${CONFIGURATION}-output-files.xcfilelist",
			);
			runOnlyForDeploymentPostprocessing = 0;
			shellPath = /bin/sh;
			shellScript = "\"${PODS_ROOT}/Target Support Files/Pods-MoyaTest/Pods-MoyaTest-frameworks.sh\"\n";
			showEnvVarsInLog = 0;
		};
		B423F00E2BDB9D88BDEC1A92 /* [CP] Check Pods Manifest.lock */ = {
			isa = PBXShellScriptBuildPhase;
			buildActionMask = 2147483647;
			files = (
			);
			inputFileListPaths = (
			);
			inputPaths = (
				"${PODS_PODFILE_DIR_PATH}/Podfile.lock",
				"${PODS_ROOT}/Manifest.lock",
			);
			name = "[CP] Check Pods Manifest.lock";
			outputFileListPaths = (
			);
			outputPaths = (
				"$(DERIVED_FILE_DIR)/Pods-MoyaTest-checkManifestLockResult.txt",
			);
			runOnlyForDeploymentPostprocessing = 0;
			shellPath = /bin/sh;
			shellScript = "diff \"${PODS_PODFILE_DIR_PATH}/Podfile.lock\" \"${PODS_ROOT}/Manifest.lock\" > /dev/null\nif [ $? != 0 ] ; then\n    # print error to STDERR\n    echo \"error: The sandbox is not in sync with the Podfile.lock. Run 'pod install' or update your CocoaPods installation.\" >&2\n    exit 1\nfi\n# This output is used by Xcode 'outputs' to avoid re-running this script phase.\necho \"SUCCESS\" > \"${SCRIPT_OUTPUT_FILE_0}\"\n";
			showEnvVarsInLog = 0;
		};
/* End PBXShellScriptBuildPhase section */

/* Begin PBXSourcesBuildPhase section */
		550DD69D253DC99000A3DC0E /* Sources */ = {
			isa = PBXSourcesBuildPhase;
			buildActionMask = 2147483647;
			files = (
				550DD6A9253DC99000A3DC0E /* ViewController.swift in Sources */,
				550DD6B9253DD1E400A3DC0E /* Service.swift in Sources */,
				550DD6A5253DC99000A3DC0E /* AppDelegate.swift in Sources */,
				550DD6BB253DDC9E00A3DC0E /* User.swift in Sources */,
				550DD6A7253DC99000A3DC0E /* SceneDelegate.swift in Sources */,
			);
			runOnlyForDeploymentPostprocessing = 0;
		};
/* End PBXSourcesBuildPhase section */

/* Begin PBXVariantGroup section */
		550DD6AA253DC99000A3DC0E /* Main.storyboard */ = {
			isa = PBXVariantGroup;
			children = (
				550DD6AB253DC99000A3DC0E /* Base */,
			);
			name = Main.storyboard;
			sourceTree = "<group>";
		};
		550DD6AF253DC99900A3DC0E /* LaunchScreen.storyboard */ = {
			isa = PBXVariantGroup;
			children = (
				550DD6B0253DC99900A3DC0E /* Base */,
			);
			name = LaunchScreen.storyboard;
			sourceTree = "<group>";
		};
/* End PBXVariantGroup section */

/* Begin XCBuildConfiguration section */
		550DD6B3253DC99900A3DC0E /* Debug */ = {
			isa = XCBuildConfiguration;
			buildSettings = {
				ALWAYS_SEARCH_USER_PATHS = NO;
				CLANG_ANALYZER_NONNULL = YES;
				CLANG_ANALYZER_NUMBER_OBJECT_CONVERSION = YES_AGGRESSIVE;
				CLANG_CXX_LANGUAGE_STANDARD = "gnu++14";
				CLANG_CXX_LIBRARY = "libc++";
				CLANG_ENABLE_MODULES = YES;
				CLANG_ENABLE_OBJC_ARC = YES;
				CLANG_ENABLE_OBJC_WEAK = YES;
				CLANG_WARN_BLOCK_CAPTURE_AUTORELEASING = YES;
				CLANG_WARN_BOOL_CONVERSION = YES;
				CLANG_WARN_COMMA = YES;
				CLANG_WARN_CONSTANT_CONVERSION = YES;
				CLANG_WARN_DEPRECATED_OBJC_IMPLEMENTATIONS = YES;
				CLANG_WARN_DIRECT_OBJC_ISA_USAGE = YES_ERROR;
				CLANG_WARN_DOCUMENTATION_COMMENTS = YES;
				CLANG_WARN_EMPTY_BODY = YES;
				CLANG_WARN_ENUM_CONVERSION = YES;
				CLANG_WARN_INFINITE_RECURSION = YES;
				CLANG_WARN_INT_CONVERSION = YES;
				CLANG_WARN_NON_LITERAL_NULL_CONVERSION = YES;
				CLANG_WARN_OBJC_IMPLICIT_RETAIN_SELF = YES;
				CLANG_WARN_OBJC_LITERAL_CONVERSION = YES;
				CLANG_WARN_OBJC_ROOT_CLASS = YES_ERROR;
				CLANG_WARN_RANGE_LOOP_ANALYSIS = YES;
				CLANG_WARN_STRICT_PROTOTYPES = YES;
				CLANG_WARN_SUSPICIOUS_MOVE = YES;
				CLANG_WARN_UNGUARDED_AVAILABILITY = YES_AGGRESSIVE;
				CLANG_WARN_UNREACHABLE_CODE = YES;
				CLANG_WARN__DUPLICATE_METHOD_MATCH = YES;
				COPY_PHASE_STRIP = NO;
				DEBUG_INFORMATION_FORMAT = dwarf;
				ENABLE_STRICT_OBJC_MSGSEND = YES;
				ENABLE_TESTABILITY = YES;
				GCC_C_LANGUAGE_STANDARD = gnu11;
				GCC_DYNAMIC_NO_PIC = NO;
				GCC_NO_COMMON_BLOCKS = YES;
				GCC_OPTIMIZATION_LEVEL = 0;
				GCC_PREPROCESSOR_DEFINITIONS = (
					"DEBUG=1",
					"$(inherited)",
				);
				GCC_WARN_64_TO_32_BIT_CONVERSION = YES;
				GCC_WARN_ABOUT_RETURN_TYPE = YES_ERROR;
				GCC_WARN_UNDECLARED_SELECTOR = YES;
				GCC_WARN_UNINITIALIZED_AUTOS = YES_AGGRESSIVE;
				GCC_WARN_UNUSED_FUNCTION = YES;
				GCC_WARN_UNUSED_VARIABLE = YES;
				IPHONEOS_DEPLOYMENT_TARGET = 13.4;
				MTL_ENABLE_DEBUG_INFO = INCLUDE_SOURCE;
				MTL_FAST_MATH = YES;
				ONLY_ACTIVE_ARCH = YES;
				SDKROOT = iphoneos;
				SWIFT_ACTIVE_COMPILATION_CONDITIONS = DEBUG;
				SWIFT_OPTIMIZATION_LEVEL = "-Onone";
			};
			name = Debug;
		};
		550DD6B4253DC99900A3DC0E /* Release */ = {
			isa = XCBuildConfiguration;
			buildSettings = {
				ALWAYS_SEARCH_USER_PATHS = NO;
				CLANG_ANALYZER_NONNULL = YES;
				CLANG_ANALYZER_NUMBER_OBJECT_CONVERSION = YES_AGGRESSIVE;
				CLANG_CXX_LANGUAGE_STANDARD = "gnu++14";
				CLANG_CXX_LIBRARY = "libc++";
				CLANG_ENABLE_MODULES = YES;
				CLANG_ENABLE_OBJC_ARC = YES;
				CLANG_ENABLE_OBJC_WEAK = YES;
				CLANG_WARN_BLOCK_CAPTURE_AUTORELEASING = YES;
				CLANG_WARN_BOOL_CONVERSION = YES;
				CLANG_WARN_COMMA = YES;
				CLANG_WARN_CONSTANT_CONVERSION = YES;
				CLANG_WARN_DEPRECATED_OBJC_IMPLEMENTATIONS = YES;
				CLANG_WARN_DIRECT_OBJC_ISA_USAGE = YES_ERROR;
				CLANG_WARN_DOCUMENTATION_COMMENTS = YES;
				CLANG_WARN_EMPTY_BODY = YES;
				CLANG_WARN_ENUM_CONVERSION = YES;
				CLANG_WARN_INFINITE_RECURSION = YES;
				CLANG_WARN_INT_CONVERSION = YES;
				CLANG_WARN_NON_LITERAL_NULL_CONVERSION = YES;
				CLANG_WARN_OBJC_IMPLICIT_RETAIN_SELF = YES;
				CLANG_WARN_OBJC_LITERAL_CONVERSION = YES;
				CLANG_WARN_OBJC_ROOT_CLASS = YES_ERROR;
				CLANG_WARN_RANGE_LOOP_ANALYSIS = YES;
				CLANG_WARN_STRICT_PROTOTYPES = YES;
				CLANG_WARN_SUSPICIOUS_MOVE = YES;
				CLANG_WARN_UNGUARDED_AVAILABILITY = YES_AGGRESSIVE;
				CLANG_WARN_UNREACHABLE_CODE = YES;
				CLANG_WARN__DUPLICATE_METHOD_MATCH = YES;
				COPY_PHASE_STRIP = NO;
				DEBUG_INFORMATION_FORMAT = "dwarf-with-dsym";
				ENABLE_NS_ASSERTIONS = NO;
				ENABLE_STRICT_OBJC_MSGSEND = YES;
				GCC_C_LANGUAGE_STANDARD = gnu11;
				GCC_NO_COMMON_BLOCKS = YES;
				GCC_WARN_64_TO_32_BIT_CONVERSION = YES;
				GCC_WARN_ABOUT_RETURN_TYPE = YES_ERROR;
				GCC_WARN_UNDECLARED_SELECTOR = YES;
				GCC_WARN_UNINITIALIZED_AUTOS = YES_AGGRESSIVE;
				GCC_WARN_UNUSED_FUNCTION = YES;
				GCC_WARN_UNUSED_VARIABLE = YES;
				IPHONEOS_DEPLOYMENT_TARGET = 13.4;
				MTL_ENABLE_DEBUG_INFO = NO;
				MTL_FAST_MATH = YES;
				SDKROOT = iphoneos;
				SWIFT_COMPILATION_MODE = wholemodule;
				SWIFT_OPTIMIZATION_LEVEL = "-O";
				VALIDATE_PRODUCT = YES;
			};
			name = Release;
		};
		550DD6B6253DC99900A3DC0E /* Debug */ = {
			isa = XCBuildConfiguration;
			baseConfigurationReference = 0898D8D788BB8A4AF195550B /* Pods-MoyaTest.debug.xcconfig */;
			buildSettings = {
				ASSETCATALOG_COMPILER_APPICON_NAME = AppIcon;
				CODE_SIGN_STYLE = Automatic;
				DEVELOPMENT_TEAM = 854Z63GAJD;
				INFOPLIST_FILE = MoyaTest/Info.plist;
				LD_RUNPATH_SEARCH_PATHS = (
					"$(inherited)",
					"@executable_path/Frameworks",
				);
				PRODUCT_BUNDLE_IDENTIFIER = com.kairzhan.MoyaTest;
				PRODUCT_NAME = "$(TARGET_NAME)";
				SWIFT_VERSION = 5.0;
				TARGETED_DEVICE_FAMILY = "1,2";
			};
			name = Debug;
		};
		550DD6B7253DC99900A3DC0E /* Release */ = {
			isa = XCBuildConfiguration;
			baseConfigurationReference = D10799B436988B6E101E3A45 /* Pods-MoyaTest.release.xcconfig */;
			buildSettings = {
				ASSETCATALOG_COMPILER_APPICON_NAME = AppIcon;
				CODE_SIGN_STYLE = Automatic;
				DEVELOPMENT_TEAM = 854Z63GAJD;
				INFOPLIST_FILE = MoyaTest/Info.plist;
				LD_RUNPATH_SEARCH_PATHS = (
					"$(inherited)",
					"@executable_path/Frameworks",
				);
				PRODUCT_BUNDLE_IDENTIFIER = com.kairzhan.MoyaTest;
				PRODUCT_NAME = "$(TARGET_NAME)";
				SWIFT_VERSION = 5.0;
				TARGETED_DEVICE_FAMILY = "1,2";
			};
			name = Release;
		};
/* End XCBuildConfiguration section */

/* Begin XCConfigurationList section */
		550DD69C253DC99000A3DC0E /* Build configuration list for PBXProject "MoyaTest" */ = {
			isa = XCConfigurationList;
			buildConfigurations = (
				550DD6B3253DC99900A3DC0E /* Debug */,
				550DD6B4253DC99900A3DC0E /* Release */,
			);
			defaultConfigurationIsVisible = 0;
			defaultConfigurationName = Release;
		};
		550DD6B5253DC99900A3DC0E /* Build configuration list for PBXNativeTarget "MoyaTest" */ = {
			isa = XCConfigurationList;
			buildConfigurations = (
				550DD6B6253DC99900A3DC0E /* Debug */,
				550DD6B7253DC99900A3DC0E /* Release */,
			);
			defaultConfigurationIsVisible = 0;
			defaultConfigurationName = Release;
		};
/* End XCConfigurationList section */
	};
	rootObject = 550DD699253DC99000A3DC0E /* Project object */;
}
